# This file is automatically @generated by Cargo.
# It is not intended for manual editing.
version = 4

[[package]]
name = "anki-collection"
version = "0.1.0"

[[package]]
name = "anki-model"
version = "0.1.0"

[[package]]
name = "anki-sync"
version = "0.1.0"

[[package]]
name = "anki-tui"
version = "0.1.0"
